# This is a Gradle generated file for dependency locking.
# Manual edits can break the build and are not advised.
# This file is expected to be part of source control.
com.xenoterracide.gradle.semver:com.xenoterracide.gradle.semver.gradle.plugin:0.14.3-alpha.0.37+git.37.74cb8a4=classpath
com.xenoterracide.gradle:git:0.14.3-alpha.0.37+git.37.74cb8a4=classpath
com.xenoterracide.gradle:semver:0.14.3-alpha.0.37+git.37.74cb8a4=classpath
io.vavr:vavr-match:0.11.0=classpath
io.vavr:vavr:0.11.0=classpath
org.apache.commons:commons-lang3:3.20.0=classpath
org.jspecify:jspecify:1.0.0=classpath
org.semver4j:semver4j:6.0.0=classpath
empty=
