# This is a Gradle generated file for dependency locking.
# Manual edits can break the build and are not advised.
# This file is expected to be part of source control.
com.xenoterracide.gradle.semver:com.xenoterracide.gradle.semver.gradle.plugin:0.14.0-alpha.0.63+branch.3409475c6677d45ac9cfc95566b67a9f7471cfbf.git.63.3409475=classpath
com.xenoterracide.gradle:git:0.14.0-alpha.0.63+branch.3409475c6677d45ac9cfc95566b67a9f7471cfbf.git.63.3409475=classpath
com.xenoterracide.gradle:semver:0.14.0-alpha.0.63+branch.3409475c6677d45ac9cfc95566b67a9f7471cfbf.git.63.3409475=classpath
io.vavr:vavr-match:0.10.7=classpath
io.vavr:vavr:0.10.7=classpath
org.apache.commons:commons-lang3:3.20.0=classpath
org.jspecify:jspecify:1.0.0=classpath
org.semver4j:semver4j:5.8.0=classpath
empty=
