# This is a Gradle generated file for dependency locking.
# Manual edits can break the build and are not advised.
# This file is expected to be part of source control.
com.googlecode.javaewah:JavaEWAH:1.1.13=compileClasspath,runtimeClasspath
org.apache.commons:commons-lang3:3.14.0=compileClasspath,runtimeClasspath
org.eclipse.jgit:org.eclipse.jgit:5.13.3.202401111512-r=compileClasspath,runtimeClasspath
org.slf4j:slf4j-api:1.7.30=compileClasspath,runtimeClasspath
empty=annotationProcessor
