# This is a Gradle generated file for dependency locking.
# Manual edits can break the build and are not advised.
# This file is expected to be part of source control.
com.googlecode.javaewah:JavaEWAH:1.2.3=compileClasspath,runtimeClasspath
commons-codec:commons-codec:1.16.0=compileClasspath,runtimeClasspath
org.apache.commons:commons-lang3:3.14.0=compileClasspath,runtimeClasspath
org.eclipse.jgit:org.eclipse.jgit:6.8.0.202311291450-r=compileClasspath,runtimeClasspath
org.slf4j:slf4j-api:1.7.36=compileClasspath,runtimeClasspath
empty=annotationProcessor
