# This is a Gradle generated file for dependency locking.
# Manual edits can break the build and are not advised.
# This file is expected to be part of source control.
com.diffplug.durian:durian-collect:1.2.0=buildScriptClasspath,runtimeClasspath
com.diffplug.durian:durian-core:1.2.0=buildScriptClasspath,runtimeClasspath
com.diffplug.durian:durian-io:1.2.0=buildScriptClasspath,runtimeClasspath
com.diffplug.durian:durian-swt.os:4.2.2=buildScriptClasspath,runtimeClasspath
com.diffplug.spotless:spotless-lib-extra:2.45.0=buildScriptClasspath,compileClasspath,runtimeClasspath
com.diffplug.spotless:spotless-lib:2.45.0=buildScriptClasspath,compileClasspath,runtimeClasspath
com.diffplug.spotless:spotless-plugin-gradle:6.25.0=buildScriptClasspath,compileClasspath,runtimeClasspath
com.github.spotbugs.snom:spotbugs-gradle-plugin:5.2.5=buildScriptClasspath,compileClasspath,runtimeClasspath
com.googlecode.concurrent-trees:concurrent-trees:2.6.1=buildScriptClasspath,runtimeClasspath
com.googlecode.javaewah:JavaEWAH:1.2.3=buildScriptClasspath,runtimeClasspath
com.squareup.okhttp3:okhttp:4.12.0=buildScriptClasspath,runtimeClasspath
com.squareup.okio:okio-jvm:3.6.0=buildScriptClasspath,runtimeClasspath
com.squareup.okio:okio:3.6.0=buildScriptClasspath,runtimeClasspath
commons-codec:commons-codec:1.16.0=buildScriptClasspath,runtimeClasspath
dev.equo.ide:solstice:1.7.5=buildScriptClasspath,runtimeClasspath
net.ltgt.gradle:gradle-errorprone-plugin:3.1.0=buildScriptClasspath,compileClasspath,runtimeClasspath
org.eclipse.jgit:org.eclipse.jgit:6.7.0.202309050840-r=buildScriptClasspath,runtimeClasspath
org.eclipse.platform:org.eclipse.osgi:3.18.300=buildScriptClasspath,runtimeClasspath
org.jetbrains.intellij.deps:trove4j:1.0.20200330=kotlinCompilerClasspath
org.jetbrains.kotlin:kotlin-assignment-compiler-plugin-embeddable:1.9.20=kotlinCompilerPluginClasspathMain
org.jetbrains.kotlin:kotlin-compiler-embeddable:1.9.20=kotlinCompilerClasspath
org.jetbrains.kotlin:kotlin-daemon-embeddable:1.9.20=kotlinCompilerClasspath
org.jetbrains.kotlin:kotlin-reflect:1.6.10=kotlinCompilerClasspath
org.jetbrains.kotlin:kotlin-reflect:1.9.20=compileClasspath
org.jetbrains.kotlin:kotlin-sam-with-receiver-compiler-plugin-embeddable:1.9.20=kotlinCompilerPluginClasspathMain
org.jetbrains.kotlin:kotlin-script-runtime:1.9.20=kotlinCompilerClasspath,kotlinCompilerPluginClasspathMain
org.jetbrains.kotlin:kotlin-scripting-common:1.9.20=kotlinCompilerPluginClasspathMain
org.jetbrains.kotlin:kotlin-scripting-compiler-embeddable:1.9.20=kotlinCompilerPluginClasspathMain
org.jetbrains.kotlin:kotlin-scripting-compiler-impl-embeddable:1.9.20=kotlinCompilerPluginClasspathMain
org.jetbrains.kotlin:kotlin-scripting-jvm:1.9.20=kotlinCompilerPluginClasspathMain
org.jetbrains.kotlin:kotlin-stdlib-common:1.9.10=buildScriptClasspath,runtimeClasspath
org.jetbrains.kotlin:kotlin-stdlib-jdk7:1.9.10=buildScriptClasspath,runtimeClasspath
org.jetbrains.kotlin:kotlin-stdlib-jdk8:1.9.10=buildScriptClasspath,runtimeClasspath
org.jetbrains.kotlin:kotlin-stdlib:1.9.10=buildScriptClasspath,runtimeClasspath
org.jetbrains.kotlin:kotlin-stdlib:1.9.20=compileClasspath,kotlinCompilerClasspath,kotlinCompilerPluginClasspathMain
org.jetbrains:annotations:13.0=buildScriptClasspath,compileClasspath,kotlinCompilerClasspath,kotlinCompilerPluginClasspathMain,runtimeClasspath
org.slf4j:slf4j-api:1.7.36=buildScriptClasspath,runtimeClasspath
org.tukaani:xz:1.9=buildScriptClasspath,runtimeClasspath
empty=kotlinScriptDefExtensions
