# This file is generated by running "yarn install" inside your project.
# Manual changes might be lost - proceed with caution!

__metadata:
  version: 8
  cacheKey: 10c0

"@chevrotain/cst-dts-gen@npm:11.0.3":
  version: 11.0.3
  resolution: "@chevrotain/cst-dts-gen@npm:11.0.3"
  dependencies:
    "@chevrotain/gast": "npm:11.0.3"
    "@chevrotain/types": "npm:11.0.3"
    lodash-es: "npm:4.17.21"
  checksum: 10c0/9e945a0611386e4e08af34c2d0b3af36c1af08f726b58145f11310f2aeafcb2d65264c06ec65a32df6b6a65771e6a55be70580c853afe3ceb51487e506967104
  languageName: node
  linkType: hard

"@chevrotain/gast@npm:11.0.3":
  version: 11.0.3
  resolution: "@chevrotain/gast@npm:11.0.3"
  dependencies:
    "@chevrotain/types": "npm:11.0.3"
    lodash-es: "npm:4.17.21"
  checksum: 10c0/54fc44d7b4a7b0323f49d957dd88ad44504922d30cb226d93b430b0e09925efe44e0726068581d777f423fabfb878a2238ed2c87b690c0c0014ebd12b6968354
  languageName: node
  linkType: hard

"@chevrotain/regexp-to-ast@npm:11.0.3":
  version: 11.0.3
  resolution: "@chevrotain/regexp-to-ast@npm:11.0.3"
  checksum: 10c0/6939c5c94fbfb8c559a4a37a283af5ded8e6147b184a7d7bcf5ad1404d9d663c78d81602bd8ea8458ec497358a9e1671541099c511835d0be2cad46f00c62b3f
  languageName: node
  linkType: hard

"@chevrotain/types@npm:11.0.3":
  version: 11.0.3
  resolution: "@chevrotain/types@npm:11.0.3"
  checksum: 10c0/72fe8f0010ebef848e47faea14a88c6fdc3cdbafaef6b13df4a18c7d33249b1b675e37b05cb90a421700c7016dae7cd4187ab6b549e176a81cea434f69cd2503
  languageName: node
  linkType: hard

"@chevrotain/utils@npm:11.0.3":
  version: 11.0.3
  resolution: "@chevrotain/utils@npm:11.0.3"
  checksum: 10c0/b31972d1b2d444eef1499cf9b7576fc1793e8544910de33a3c18e07c270cfad88067f175d0ee63e7bc604713ebed647f8190db45cc8311852cd2d4fe2ef14068
  languageName: node
  linkType: hard

"@isaacs/balanced-match@npm:^4.0.1":
  version: 4.0.1
  resolution: "@isaacs/balanced-match@npm:4.0.1"
  checksum: 10c0/7da011805b259ec5c955f01cee903da72ad97c5e6f01ca96197267d3f33103d5b2f8a1af192140f3aa64526c593c8d098ae366c2b11f7f17645d12387c2fd420
  languageName: node
  linkType: hard

"@isaacs/brace-expansion@npm:^5.0.1":
  version: 5.0.1
  resolution: "@isaacs/brace-expansion@npm:5.0.1"
  dependencies:
    "@isaacs/balanced-match": "npm:^4.0.1"
  checksum: 10c0/e5d67c7bbf1f17b88132a35bc638af306d48acbb72810d48fa6e6edd8ab375854773108e8bf70f021f7ef6a8273455a6d1f0c3b5aa2aff06ce7894049ab77fb8
  languageName: node
  linkType: hard

"@prettier/plugin-xml@npm:^3.4.2":
  version: 3.4.2
  resolution: "@prettier/plugin-xml@npm:3.4.2"
  dependencies:
    "@xml-tools/parser": "npm:^1.0.11"
  peerDependencies:
    prettier: ^3.0.0
  checksum: 10c0/e5343e71b3c2850d879bb4390d9918dab1238eb79adefb1357a4e4c7207a19a1ac8192a967112325e1280f0d6bda397014fd83df6f8844e0afac5e2d747a814b
  languageName: node
  linkType: hard

"@taplo/core@npm:^0.2.0":
  version: 0.2.0
  resolution: "@taplo/core@npm:0.2.0"
  checksum: 10c0/4bbc3b696c49e267da2dfcd13e7812e5c09febda583856b35569773542e93f9c28a50dab69c635e1d5e11a4de6962ab08e006985fa38d2df1b3ef19d471efa05
  languageName: node
  linkType: hard

"@taplo/lib@npm:^0.5.0":
  version: 0.5.0
  resolution: "@taplo/lib@npm:0.5.0"
  dependencies:
    "@taplo/core": "npm:^0.2.0"
  checksum: 10c0/0d1ea190586cac09a1c28fc43f807ba843a3313329744aacf49200da909beacbc43e5ebb89677d608b821458ad9378bc3d398c2aa7eff7e567ad59f85cc5ed82
  languageName: node
  linkType: hard

"@xml-tools/parser@npm:^1.0.11":
  version: 1.0.11
  resolution: "@xml-tools/parser@npm:1.0.11"
  dependencies:
    chevrotain: "npm:7.1.1"
  checksum: 10c0/5abc75163d6b2ac8e9006a54576523513535953237463297137c5a3665ce1b9d220b77b6dbb68ab93df3fab40bbc98bbb10e90dd690fd7646fdb021323827971
  languageName: node
  linkType: hard

"ansi-escapes@npm:^7.0.0":
  version: 7.3.0
  resolution: "ansi-escapes@npm:7.3.0"
  dependencies:
    environment: "npm:^1.0.0"
  checksum: 10c0/068961d99f0ef28b661a4a9f84a5d645df93ccf3b9b93816cc7d46bbe1913321d4cdf156bb842a4e1e4583b7375c631fa963efb43001c4eb7ff9ab8f78fc0679
  languageName: node
  linkType: hard

"ansi-regex@npm:^5.0.1":
  version: 5.0.1
  resolution: "ansi-regex@npm:5.0.1"
  checksum: 10c0/9a64bb8627b434ba9327b60c027742e5d17ac69277960d041898596271d992d4d52ba7267a63ca10232e29f6107fc8a835f6ce8d719b88c5f8493f8254813737
  languageName: node
  linkType: hard

"ansi-regex@npm:^6.0.1":
  version: 6.2.2
  resolution: "ansi-regex@npm:6.2.2"
  checksum: 10c0/05d4acb1d2f59ab2cf4b794339c7b168890d44dda4bf0ce01152a8da0213aca207802f930442ce8cd22d7a92f44907664aac6508904e75e038fa944d2601b30f
  languageName: node
  linkType: hard

"ansi-styles@npm:^4.0.0":
  version: 4.3.0
  resolution: "ansi-styles@npm:4.3.0"
  dependencies:
    color-convert: "npm:^2.0.1"
  checksum: 10c0/895a23929da416f2bd3de7e9cb4eabd340949328ab85ddd6e484a637d8f6820d485f53933446f5291c3b760cbc488beb8e88573dd0f9c7daf83dccc8fe81b041
  languageName: node
  linkType: hard

"ansi-styles@npm:^6.2.1":
  version: 6.2.3
  resolution: "ansi-styles@npm:6.2.3"
  checksum: 10c0/23b8a4ce14e18fb854693b95351e286b771d23d8844057ed2e7d083cd3e708376c3323707ec6a24365f7d7eda3ca00327fe04092e29e551499ec4c8b7bfac868
  languageName: node
  linkType: hard

"braces@npm:^3.0.3":
  version: 3.0.3
  resolution: "braces@npm:3.0.3"
  dependencies:
    fill-range: "npm:^7.1.1"
  checksum: 10c0/7c6dfd30c338d2997ba77500539227b9d1f85e388a5f43220865201e407e076783d0881f2d297b9f80951b4c957fcf0b51c1d2d24227631643c3f7c284b0aa04
  languageName: node
  linkType: hard

"chevrotain-allstar@npm:0.3.1":
  version: 0.3.1
  resolution: "chevrotain-allstar@npm:0.3.1"
  dependencies:
    lodash-es: "npm:^4.17.21"
  peerDependencies:
    chevrotain: ^11.0.0
  checksum: 10c0/5cadedffd3114eb06b15fd3939bb1aa6c75412dbd737fe302b52c5c24334f9cb01cee8edc1d1067d98ba80dddf971f1d0e94b387de51423fc6cf3c5d8b7ef27a
  languageName: node
  linkType: hard

"chevrotain@npm:11.0.3":
  version: 11.0.3
  resolution: "chevrotain@npm:11.0.3"
  dependencies:
    "@chevrotain/cst-dts-gen": "npm:11.0.3"
    "@chevrotain/gast": "npm:11.0.3"
    "@chevrotain/regexp-to-ast": "npm:11.0.3"
    "@chevrotain/types": "npm:11.0.3"
    "@chevrotain/utils": "npm:11.0.3"
    lodash-es: "npm:4.17.21"
  checksum: 10c0/ffd425fa321e3f17e9833d7f44cd39f2743f066e92ca74b226176080ca5d455f853fe9091cdfd86354bd899d85c08b3bdc3f55b267e7d07124b048a88349765f
  languageName: node
  linkType: hard

"chevrotain@npm:7.1.1":
  version: 7.1.1
  resolution: "chevrotain@npm:7.1.1"
  dependencies:
    regexp-to-ast: "npm:0.5.0"
  checksum: 10c0/3fbbb7a30fb87a4cd141a28bdfa2851f54fde4099aa92071442b47605dfc5974eee0388ec25a517087fcea4dcc1f0ce6b371bc975591346327829aa83b3c843d
  languageName: node
  linkType: hard

"cli-cursor@npm:^5.0.0":
  version: 5.0.0
  resolution: "cli-cursor@npm:5.0.0"
  dependencies:
    restore-cursor: "npm:^5.0.0"
  checksum: 10c0/7ec62f69b79f6734ab209a3e4dbdc8af7422d44d360a7cb1efa8a0887bbe466a6e625650c466fe4359aee44dbe2dc0b6994b583d40a05d0808a5cb193641d220
  languageName: node
  linkType: hard

"cli-truncate@npm:^5.0.0":
  version: 5.1.1
  resolution: "cli-truncate@npm:5.1.1"
  dependencies:
    slice-ansi: "npm:^7.1.0"
    string-width: "npm:^8.0.0"
  checksum: 10c0/3842920829a62f3e041ce39199050c42706c3c9c756a4efc8b86d464e102d1fa031d8b1b9b2e3bb36e1017c763558275472d031bdc884c1eff22a2f20e4f6b0a
  languageName: node
  linkType: hard

"cliui@npm:^8.0.1":
  version: 8.0.1
  resolution: "cliui@npm:8.0.1"
  dependencies:
    string-width: "npm:^4.2.0"
    strip-ansi: "npm:^6.0.1"
    wrap-ansi: "npm:^7.0.0"
  checksum: 10c0/4bda0f09c340cbb6dfdc1ed508b3ca080f12992c18d68c6be4d9cf51756033d5266e61ec57529e610dacbf4da1c634423b0c1b11037709cc6b09045cbd815df5
  languageName: node
  linkType: hard

"color-convert@npm:^2.0.1":
  version: 2.0.1
  resolution: "color-convert@npm:2.0.1"
  dependencies:
    color-name: "npm:~1.1.4"
  checksum: 10c0/37e1150172f2e311fe1b2df62c6293a342ee7380da7b9cfdba67ea539909afbd74da27033208d01d6d5cfc65ee7868a22e18d7e7648e004425441c0f8a15a7d7
  languageName: node
  linkType: hard

"color-name@npm:~1.1.4":
  version: 1.1.4
  resolution: "color-name@npm:1.1.4"
  checksum: 10c0/a1a3f914156960902f46f7f56bc62effc6c94e84b2cae157a526b1c1f74b677a47ec602bf68a61abfa2b42d15b7c5651c6dbe72a43af720bc588dff885b10f95
  languageName: node
  linkType: hard

"colorette@npm:^2.0.20":
  version: 2.0.20
  resolution: "colorette@npm:2.0.20"
  checksum: 10c0/e94116ff33b0ff56f3b83b9ace895e5bf87c2a7a47b3401b8c3f3226e050d5ef76cf4072fb3325f9dc24d1698f9b730baf4e05eeaf861d74a1883073f4c98a40
  languageName: node
  linkType: hard

"commander@npm:^14.0.2":
  version: 14.0.3
  resolution: "commander@npm:14.0.3"
  checksum: 10c0/755652564bbf56ff2ff083313912b326450d3f8d8c85f4b71416539c9a05c3c67dbd206821ca72635bf6b160e2afdefcb458e86b317827d5cb333b69ce7f1a24
  languageName: node
  linkType: hard

"dot-properties@npm:^1.1.0":
  version: 1.1.1
  resolution: "dot-properties@npm:1.1.1"
  checksum: 10c0/2007ef4a8b5afdc21bf457e01c6e1bef58d63359d273294d059ec7a2af1fb44c49be09492dc4ab843540d8c013893ac63a039aed79d0cda47b3ebd5b0f538f99
  languageName: node
  linkType: hard

"emoji-regex@npm:^10.3.0":
  version: 10.6.0
  resolution: "emoji-regex@npm:10.6.0"
  checksum: 10c0/1e4aa097bb007301c3b4b1913879ae27327fdc48e93eeefefe3b87e495eb33c5af155300be951b4349ff6ac084f4403dc9eff970acba7c1c572d89396a9a32d7
  languageName: node
  linkType: hard

"emoji-regex@npm:^8.0.0":
  version: 8.0.0
  resolution: "emoji-regex@npm:8.0.0"
  checksum: 10c0/b6053ad39951c4cf338f9092d7bfba448cdfd46fe6a2a034700b149ac9ffbc137e361cbd3c442297f86bed2e5f7576c1b54cc0a6bf8ef5106cc62f496af35010
  languageName: node
  linkType: hard

"environment@npm:^1.0.0":
  version: 1.1.0
  resolution: "environment@npm:1.1.0"
  checksum: 10c0/fb26434b0b581ab397039e51ff3c92b34924a98b2039dcb47e41b7bca577b9dbf134a8eadb364415c74464b682e2d3afe1a4c0eb9873dc44ea814c5d3103331d
  languageName: node
  linkType: hard

"escalade@npm:^3.1.1":
  version: 3.2.0
  resolution: "escalade@npm:3.2.0"
  checksum: 10c0/ced4dd3a78e15897ed3be74e635110bbf3b08877b0a41be50dcb325ee0e0b5f65fc2d50e9845194d7c4633f327e2e1c6cce00a71b617c5673df0374201d67f65
  languageName: node
  linkType: hard

"eventemitter3@npm:^5.0.1":
  version: 5.0.4
  resolution: "eventemitter3@npm:5.0.4"
  checksum: 10c0/575b8cac8d709e1473da46f8f15ef311b57ff7609445a7c71af5cd42598583eee6f098fa7a593e30f27e94b8865642baa0689e8fa97c016f742abdb3b1bf6d9a
  languageName: node
  linkType: hard

"fill-range@npm:^7.1.1":
  version: 7.1.1
  resolution: "fill-range@npm:7.1.1"
  dependencies:
    to-regex-range: "npm:^5.0.1"
  checksum: 10c0/b75b691bbe065472f38824f694c2f7449d7f5004aa950426a2c28f0306c60db9b880c0b0e4ed819997ffb882d1da02cfcfc819bddc94d71627f5269682edf018
  languageName: node
  linkType: hard

"get-caller-file@npm:^2.0.5":
  version: 2.0.5
  resolution: "get-caller-file@npm:2.0.5"
  checksum: 10c0/c6c7b60271931fa752aeb92f2b47e355eac1af3a2673f47c9589e8f8a41adc74d45551c1bc57b5e66a80609f10ffb72b6f575e4370d61cc3f7f3aaff01757cde
  languageName: node
  linkType: hard

"get-east-asian-width@npm:^1.0.0, get-east-asian-width@npm:^1.3.0, get-east-asian-width@npm:^1.3.1":
  version: 1.4.0
  resolution: "get-east-asian-width@npm:1.4.0"
  checksum: 10c0/4e481d418e5a32061c36fbb90d1b225a254cc5b2df5f0b25da215dcd335a3c111f0c2023ffda43140727a9cafb62dac41d022da82c08f31083ee89f714ee3b83
  languageName: node
  linkType: hard

"git-conventional-commits@npm:^2.8.0":
  version: 2.8.0
  resolution: "git-conventional-commits@npm:2.8.0"
  dependencies:
    yaml: "npm:^2.1.3"
    yargs: "npm:^17.6.2"
  bin:
    git-conventional-commits: cli.js
  checksum: 10c0/15e2bd7e6aaeb4697a351e66f66d51f62badbb26a8c356fae5475715d49c6fa0e1672e42bebf11416215317c0ca52eae9ce1c8b94ee8cb59819f76393c1b665e
  languageName: node
  linkType: hard

"glob@npm:^13.0.0":
  version: 13.0.1
  resolution: "glob@npm:13.0.1"
  dependencies:
    minimatch: "npm:^10.1.2"
    minipass: "npm:^7.1.2"
    path-scurry: "npm:^2.0.0"
  checksum: 10c0/af7b863dec8dff74f61d7d6e53104e1f6bbdd482157a196cade8ed857481e876ec35181b38a059b2a7b93ea3b08248f4ff0792fef6dc91814fd5097a716f48e4
  languageName: node
  linkType: hard

"is-fullwidth-code-point@npm:^3.0.0":
  version: 3.0.0
  resolution: "is-fullwidth-code-point@npm:3.0.0"
  checksum: 10c0/bb11d825e049f38e04c06373a8d72782eee0205bda9d908cc550ccb3c59b99d750ff9537982e01733c1c94a58e35400661f57042158ff5e8f3e90cf936daf0fc
  languageName: node
  linkType: hard

"is-fullwidth-code-point@npm:^5.0.0":
  version: 5.1.0
  resolution: "is-fullwidth-code-point@npm:5.1.0"
  dependencies:
    get-east-asian-width: "npm:^1.3.1"
  checksum: 10c0/c1172c2e417fb73470c56c431851681591f6a17233603a9e6f94b7ba870b2e8a5266506490573b607fb1081318589372034aa436aec07b465c2029c0bc7f07a4
  languageName: node
  linkType: hard

"is-number@npm:^7.0.0":
  version: 7.0.0
  resolution: "is-number@npm:7.0.0"
  checksum: 10c0/b4686d0d3053146095ccd45346461bc8e53b80aeb7671cc52a4de02dbbf7dc0d1d2a986e2fe4ae206984b4d34ef37e8b795ebc4f4295c978373e6575e295d811
  languageName: node
  linkType: hard

"java-parser@npm:3.0.1":
  version: 3.0.1
  resolution: "java-parser@npm:3.0.1"
  dependencies:
    chevrotain: "npm:11.0.3"
    chevrotain-allstar: "npm:0.3.1"
    lodash: "npm:4.17.21"
  checksum: 10c0/9b60f1132b65785fe4f4c10785fc1638a4092aecf222f63706c119425d0ffb676b7229390abe289082cf837cd470df63f9b9383743d470816fa170240f8b1e22
  languageName: node
  linkType: hard

"lint-staged@npm:^16.2.1":
  version: 16.2.7
  resolution: "lint-staged@npm:16.2.7"
  dependencies:
    commander: "npm:^14.0.2"
    listr2: "npm:^9.0.5"
    micromatch: "npm:^4.0.8"
    nano-spawn: "npm:^2.0.0"
    pidtree: "npm:^0.6.0"
    string-argv: "npm:^0.3.2"
    yaml: "npm:^2.8.1"
  bin:
    lint-staged: bin/lint-staged.js
  checksum: 10c0/9a677c21a8112d823ae5bc565ba2c9e7b803786f2a021c46827a55fe44ed59def96edb24fc99c06a2545cdbbf366022ad82addcb3bf60c712f3b98ef92069717
  languageName: node
  linkType: hard

"listr2@npm:^9.0.5":
  version: 9.0.5
  resolution: "listr2@npm:9.0.5"
  dependencies:
    cli-truncate: "npm:^5.0.0"
    colorette: "npm:^2.0.20"
    eventemitter3: "npm:^5.0.1"
    log-update: "npm:^6.1.0"
    rfdc: "npm:^1.4.1"
    wrap-ansi: "npm:^9.0.0"
  checksum: 10c0/46448d1ba0addc9d71aeafd05bb8e86ded9641ccad930ac302c2bd2ad71580375604743e18586fcb8f11906edf98e8e17fca75ba0759947bf275d381f68e311d
  languageName: node
  linkType: hard

"lodash-es@npm:4.17.21":
  version: 4.17.21
  resolution: "lodash-es@npm:4.17.21"
  checksum: 10c0/fb407355f7e6cd523a9383e76e6b455321f0f153a6c9625e21a8827d10c54c2a2341bd2ae8d034358b60e07325e1330c14c224ff582d04612a46a4f0479ff2f2
  languageName: node
  linkType: hard

"lodash-es@npm:^4.17.21":
  version: 4.17.23
  resolution: "lodash-es@npm:4.17.23"
  checksum: 10c0/3150fb6660c14c7a6b5f23bd11597d884b140c0e862a17fdb415aaa5ef7741523182904a6b7929f04e5f60a11edb5a79499eb448734381c99ffb3c4734beeddd
  languageName: node
  linkType: hard

"lodash@npm:4.17.21":
  version: 4.17.21
  resolution: "lodash@npm:4.17.21"
  checksum: 10c0/d8cbea072bb08655bb4c989da418994b073a608dffa608b09ac04b43a791b12aeae7cd7ad919aa4c925f33b48490b5cfe6c1f71d827956071dae2e7bb3a6b74c
  languageName: node
  linkType: hard

"log-update@npm:^6.1.0":
  version: 6.1.0
  resolution: "log-update@npm:6.1.0"
  dependencies:
    ansi-escapes: "npm:^7.0.0"
    cli-cursor: "npm:^5.0.0"
    slice-ansi: "npm:^7.1.0"
    strip-ansi: "npm:^7.1.0"
    wrap-ansi: "npm:^9.0.0"
  checksum: 10c0/4b350c0a83d7753fea34dcac6cd797d1dc9603291565de009baa4aa91c0447eab0d3815a05c8ec9ac04fdfffb43c82adcdb03ec1fceafd8518e1a8c1cff4ff89
  languageName: node
  linkType: hard

"lru-cache@npm:^11.0.0":
  version: 11.2.5
  resolution: "lru-cache@npm:11.2.5"
  checksum: 10c0/cc98958d25dddf1c8a8cbdc49588bd3b24450e8dfa78f32168fd188a20d4a0331c7406d0f3250c86a46619ee288056fd7a1195e8df56dc8a9592397f4fbd8e1d
  languageName: node
  linkType: hard

"micromatch@npm:^4.0.8":
  version: 4.0.8
  resolution: "micromatch@npm:4.0.8"
  dependencies:
    braces: "npm:^3.0.3"
    picomatch: "npm:^2.3.1"
  checksum: 10c0/166fa6eb926b9553f32ef81f5f531d27b4ce7da60e5baf8c021d043b27a388fb95e46a8038d5045877881e673f8134122b59624d5cecbd16eb50a42e7a6b5ca8
  languageName: node
  linkType: hard

"mimic-function@npm:^5.0.0":
  version: 5.0.1
  resolution: "mimic-function@npm:5.0.1"
  checksum: 10c0/f3d9464dd1816ecf6bdf2aec6ba32c0728022039d992f178237d8e289b48764fee4131319e72eedd4f7f094e22ded0af836c3187a7edc4595d28dd74368fd81d
  languageName: node
  linkType: hard

"minimatch@npm:^10.1.2":
  version: 10.1.2
  resolution: "minimatch@npm:10.1.2"
  dependencies:
    "@isaacs/brace-expansion": "npm:^5.0.1"
  checksum: 10c0/0cccef3622201703de6ecf9d772c0be1d5513dcc038ed9feb866c20cf798243e678ac35605dac3f1a054650c28037486713fe9e9a34b184b9097959114daf086
  languageName: node
  linkType: hard

"minipass@npm:^7.1.2":
  version: 7.1.2
  resolution: "minipass@npm:7.1.2"
  checksum: 10c0/b0fd20bb9fb56e5fa9a8bfac539e8915ae07430a619e4b86ff71f5fc757ef3924b23b2c4230393af1eda647ed3d75739e4e0acb250a6b1eb277cf7f8fe449557
  languageName: node
  linkType: hard

"nano-spawn@npm:^2.0.0":
  version: 2.0.0
  resolution: "nano-spawn@npm:2.0.0"
  checksum: 10c0/d00f9b5739f86e28cb732ffd774793e110810cded246b8393c75c4f22674af47f98ee37b19f022ada2d8c9425f800e841caa0662fbff4c0930a10e39339fb366
  languageName: node
  linkType: hard

"onetime@npm:^7.0.0":
  version: 7.0.0
  resolution: "onetime@npm:7.0.0"
  dependencies:
    mimic-function: "npm:^5.0.0"
  checksum: 10c0/5cb9179d74b63f52a196a2e7037ba2b9a893245a5532d3f44360012005c9cadb60851d56716ebff18a6f47129dab7168022445df47c2aff3b276d92585ed1221
  languageName: node
  linkType: hard

"package-json-from-dist@npm:^1.0.1":
  version: 1.0.1
  resolution: "package-json-from-dist@npm:1.0.1"
  checksum: 10c0/62ba2785eb655fec084a257af34dbe24292ab74516d6aecef97ef72d4897310bc6898f6c85b5cd22770eaa1ce60d55a0230e150fb6a966e3ecd6c511e23d164b
  languageName: node
  linkType: hard

"path-scurry@npm:^2.0.0":
  version: 2.0.1
  resolution: "path-scurry@npm:2.0.1"
  dependencies:
    lru-cache: "npm:^11.0.0"
    minipass: "npm:^7.1.2"
  checksum: 10c0/2a16ed0e81fbc43513e245aa5763354e25e787dab0d539581a6c3f0f967461a159ed6236b2559de23aa5b88e7dc32b469b6c47568833dd142a4b24b4f5cd2620
  languageName: node
  linkType: hard

"picomatch@npm:^2.3.1":
  version: 2.3.1
  resolution: "picomatch@npm:2.3.1"
  checksum: 10c0/26c02b8d06f03206fc2ab8d16f19960f2ff9e81a658f831ecb656d8f17d9edc799e8364b1f4a7873e89d9702dff96204be0fa26fe4181f6843f040f819dac4be
  languageName: node
  linkType: hard

"pidtree@npm:^0.6.0":
  version: 0.6.0
  resolution: "pidtree@npm:0.6.0"
  bin:
    pidtree: bin/pidtree.js
  checksum: 10c0/0829ec4e9209e230f74ebf4265f5ccc9ebfb488334b525cb13f86ff801dca44b362c41252cd43ae4d7653a10a5c6ab3be39d2c79064d6895e0d78dc50a5ed6e9
  languageName: node
  linkType: hard

"prettier-plugin-java@npm:^2.7.5":
  version: 2.8.1
  resolution: "prettier-plugin-java@npm:2.8.1"
  dependencies:
    java-parser: "npm:3.0.1"
  peerDependencies:
    prettier: ^3.0.0
  checksum: 10c0/85c8ded14a0aaf1df1d5367ebe0f18c9d7d7284780a13bd1e037ca0190ebc4d42e69a849ddd3a2440c4c14cc19fbeb3b57acec1a3cd61076e917a1432dd72c75
  languageName: node
  linkType: hard

"prettier-plugin-properties@npm:^0.3.0":
  version: 0.3.1
  resolution: "prettier-plugin-properties@npm:0.3.1"
  dependencies:
    dot-properties: "npm:^1.1.0"
  peerDependencies:
    prettier: ">= 2.3.0"
  checksum: 10c0/ae769939aba21ba16ad4ea414035c49608e5f76ce0ea56bef2de7d3ad073c49315b048a8f9401ac4638b3dbc8d841b7b51f15a9f0946c7cf4df2872ca59e1f37
  languageName: node
  linkType: hard

"prettier-plugin-toml@npm:^2.0.6":
  version: 2.0.6
  resolution: "prettier-plugin-toml@npm:2.0.6"
  dependencies:
    "@taplo/lib": "npm:^0.5.0"
  peerDependencies:
    prettier: ^3.0.3
  checksum: 10c0/8fd0817c2dfe64e694424498c901228e304b76c0909e3ba8a1baff4d259c6f65bb742362859148c3438accd8248b0cf2efd2c89e1d73f9f469cd5ed82b60e5af
  languageName: node
  linkType: hard

"prettier@npm:^3.6.2":
  version: 3.8.1
  resolution: "prettier@npm:3.8.1"
  bin:
    prettier: bin/prettier.cjs
  checksum: 10c0/33169b594009e48f570471271be7eac7cdcf88a209eed39ac3b8d6d78984039bfa9132f82b7e6ba3b06711f3bfe0222a62a1bfb87c43f50c25a83df1b78a2c42
  languageName: node
  linkType: hard

"regexp-to-ast@npm:0.5.0":
  version: 0.5.0
  resolution: "regexp-to-ast@npm:0.5.0"
  checksum: 10c0/16d3c3905fb24866c3bff689ab177c1e63a7283a3cd1ba95987ef86020526f9827f5c60794197311f0e8a967889131142fe7a2e5ed3523ffe2ac9f55052e1566
  languageName: node
  linkType: hard

"require-directory@npm:^2.1.1":
  version: 2.1.1
  resolution: "require-directory@npm:2.1.1"
  checksum: 10c0/83aa76a7bc1531f68d92c75a2ca2f54f1b01463cb566cf3fbc787d0de8be30c9dbc211d1d46be3497dac5785fe296f2dd11d531945ac29730643357978966e99
  languageName: node
  linkType: hard

"restore-cursor@npm:^5.0.0":
  version: 5.1.0
  resolution: "restore-cursor@npm:5.1.0"
  dependencies:
    onetime: "npm:^7.0.0"
    signal-exit: "npm:^4.1.0"
  checksum: 10c0/c2ba89131eea791d1b25205bdfdc86699767e2b88dee2a590b1a6caa51737deac8bad0260a5ded2f7c074b7db2f3a626bcf1fcf3cdf35974cbeea5e2e6764f60
  languageName: node
  linkType: hard

"rfdc@npm:^1.4.1":
  version: 1.4.1
  resolution: "rfdc@npm:1.4.1"
  checksum: 10c0/4614e4292356cafade0b6031527eea9bc90f2372a22c012313be1dcc69a3b90c7338158b414539be863fa95bfcb2ddcd0587be696841af4e6679d85e62c060c7
  languageName: node
  linkType: hard

"rimraf@npm:^6.1.2":
  version: 6.1.2
  resolution: "rimraf@npm:6.1.2"
  dependencies:
    glob: "npm:^13.0.0"
    package-json-from-dist: "npm:^1.0.1"
  bin:
    rimraf: dist/esm/bin.mjs
  checksum: 10c0/c11a6a6fad937ada03c12fe688860690df8296d7cd08dbe59e3cc087f44e43573ae26ecbe48e54cb7a6db745b8c81fe5a15b9359233cc21d52d9b5b3330fcc74
  languageName: node
  linkType: hard

"share@workspace:.":
  version: 0.0.0-use.local
  resolution: "share@workspace:."
  dependencies:
    "@prettier/plugin-xml": "npm:^3.4.2"
    git-conventional-commits: "npm:^2.8.0"
    lint-staged: "npm:^16.2.1"
    prettier: "npm:^3.6.2"
    prettier-plugin-java: "npm:^2.7.5"
    prettier-plugin-properties: "npm:^0.3.0"
    prettier-plugin-toml: "npm:^2.0.6"
    rimraf: "npm:^6.1.2"
  languageName: unknown
  linkType: soft

"signal-exit@npm:^4.1.0":
  version: 4.1.0
  resolution: "signal-exit@npm:4.1.0"
  checksum: 10c0/41602dce540e46d599edba9d9860193398d135f7ff72cab629db5171516cfae628d21e7bfccde1bbfdf11c48726bc2a6d1a8fb8701125852fbfda7cf19c6aa83
  languageName: node
  linkType: hard

"slice-ansi@npm:^7.1.0":
  version: 7.1.2
  resolution: "slice-ansi@npm:7.1.2"
  dependencies:
    ansi-styles: "npm:^6.2.1"
    is-fullwidth-code-point: "npm:^5.0.0"
  checksum: 10c0/36742f2eb0c03e2e81a38ed14d13a64f7b732fe38c3faf96cce0599788a345011e840db35f1430ca606ea3f8db2abeb92a8d25c2753a819e3babaa10c2e289a2
  languageName: node
  linkType: hard

"string-argv@npm:^0.3.2":
  version: 0.3.2
  resolution: "string-argv@npm:0.3.2"
  checksum: 10c0/75c02a83759ad1722e040b86823909d9a2fc75d15dd71ec4b537c3560746e33b5f5a07f7332d1e3f88319909f82190843aa2f0a0d8c8d591ec08e93d5b8dec82
  languageName: node
  linkType: hard

"string-width@npm:^4.1.0, string-width@npm:^4.2.0, string-width@npm:^4.2.3":
  version: 4.2.3
  resolution: "string-width@npm:4.2.3"
  dependencies:
    emoji-regex: "npm:^8.0.0"
    is-fullwidth-code-point: "npm:^3.0.0"
    strip-ansi: "npm:^6.0.1"
  checksum: 10c0/1e525e92e5eae0afd7454086eed9c818ee84374bb80328fc41217ae72ff5f065ef1c9d7f72da41de40c75fa8bb3dee63d92373fd492c84260a552c636392a47b
  languageName: node
  linkType: hard

"string-width@npm:^7.0.0":
  version: 7.2.0
  resolution: "string-width@npm:7.2.0"
  dependencies:
    emoji-regex: "npm:^10.3.0"
    get-east-asian-width: "npm:^1.0.0"
    strip-ansi: "npm:^7.1.0"
  checksum: 10c0/eb0430dd43f3199c7a46dcbf7a0b34539c76fe3aa62763d0b0655acdcbdf360b3f66f3d58ca25ba0205f42ea3491fa00f09426d3b7d3040e506878fc7664c9b9
  languageName: node
  linkType: hard

"string-width@npm:^8.0.0":
  version: 8.1.1
  resolution: "string-width@npm:8.1.1"
  dependencies:
    get-east-asian-width: "npm:^1.3.0"
    strip-ansi: "npm:^7.1.0"
  checksum: 10c0/479841b1f7a816d04ca39c486f4c130512c1a9363b445b3424dfca88ec3e71689908e3c62a3e130c2f7037d78a65880b16655f2ba1324638b4956fcd14f28f29
  languageName: node
  linkType: hard

"strip-ansi@npm:^6.0.0, strip-ansi@npm:^6.0.1":
  version: 6.0.1
  resolution: "strip-ansi@npm:6.0.1"
  dependencies:
    ansi-regex: "npm:^5.0.1"
  checksum: 10c0/1ae5f212a126fe5b167707f716942490e3933085a5ff6c008ab97ab2f272c8025d3aa218b7bd6ab25729ca20cc81cddb252102f8751e13482a5199e873680952
  languageName: node
  linkType: hard

"strip-ansi@npm:^7.1.0":
  version: 7.1.2
  resolution: "strip-ansi@npm:7.1.2"
  dependencies:
    ansi-regex: "npm:^6.0.1"
  checksum: 10c0/0d6d7a023de33368fd042aab0bf48f4f4077abdfd60e5393e73c7c411e85e1b3a83507c11af2e656188511475776215df9ca589b4da2295c9455cc399ce1858b
  languageName: node
  linkType: hard

"to-regex-range@npm:^5.0.1":
  version: 5.0.1
  resolution: "to-regex-range@npm:5.0.1"
  dependencies:
    is-number: "npm:^7.0.0"
  checksum: 10c0/487988b0a19c654ff3e1961b87f471702e708fa8a8dd02a298ef16da7206692e8552a0250e8b3e8759270f62e9d8314616f6da274734d3b558b1fc7b7724e892
  languageName: node
  linkType: hard

"wrap-ansi@npm:^7.0.0":
  version: 7.0.0
  resolution: "wrap-ansi@npm:7.0.0"
  dependencies:
    ansi-styles: "npm:^4.0.0"
    string-width: "npm:^4.1.0"
    strip-ansi: "npm:^6.0.0"
  checksum: 10c0/d15fc12c11e4cbc4044a552129ebc75ee3f57aa9c1958373a4db0292d72282f54373b536103987a4a7594db1ef6a4f10acf92978f79b98c49306a4b58c77d4da
  languageName: node
  linkType: hard

"wrap-ansi@npm:^9.0.0":
  version: 9.0.2
  resolution: "wrap-ansi@npm:9.0.2"
  dependencies:
    ansi-styles: "npm:^6.2.1"
    string-width: "npm:^7.0.0"
    strip-ansi: "npm:^7.1.0"
  checksum: 10c0/3305839b9a0d6fb930cb63a52f34d3936013d8b0682ff3ec133c9826512620f213800ffa19ea22904876d5b7e9a3c1f40682f03597d986a4ca881fa7b033688c
  languageName: node
  linkType: hard

"y18n@npm:^5.0.5":
  version: 5.0.8
  resolution: "y18n@npm:5.0.8"
  checksum: 10c0/4df2842c36e468590c3691c894bc9cdbac41f520566e76e24f59401ba7d8b4811eb1e34524d57e54bc6d864bcb66baab7ffd9ca42bf1eda596618f9162b91249
  languageName: node
  linkType: hard

"yaml@npm:^2.1.3, yaml@npm:^2.8.1":
  version: 2.8.2
  resolution: "yaml@npm:2.8.2"
  bin:
    yaml: bin.mjs
  checksum: 10c0/703e4dc1e34b324aa66876d63618dcacb9ed49f7e7fe9b70f1e703645be8d640f68ab84f12b86df8ac960bac37acf5513e115de7c970940617ce0343c8c9cd96
  languageName: node
  linkType: hard

"yargs-parser@npm:^21.1.1":
  version: 21.1.1
  resolution: "yargs-parser@npm:21.1.1"
  checksum: 10c0/f84b5e48169479d2f402239c59f084cfd1c3acc197a05c59b98bab067452e6b3ea46d4dd8ba2985ba7b3d32a343d77df0debd6b343e5dae3da2aab2cdf5886b2
  languageName: node
  linkType: hard

"yargs@npm:^17.6.2":
  version: 17.7.2
  resolution: "yargs@npm:17.7.2"
  dependencies:
    cliui: "npm:^8.0.1"
    escalade: "npm:^3.1.1"
    get-caller-file: "npm:^2.0.5"
    require-directory: "npm:^2.1.1"
    string-width: "npm:^4.2.3"
    y18n: "npm:^5.0.5"
    yargs-parser: "npm:^21.1.1"
  checksum: 10c0/ccd7e723e61ad5965fffbb791366db689572b80cca80e0f96aad968dfff4156cd7cd1ad18607afe1046d8241e6fb2d6c08bf7fa7bfb5eaec818735d8feac8f05
  languageName: node
  linkType: hard
