# This is a Gradle generated file for dependency locking.
# Manual edits can break the build and are not advised.
# This file is expected to be part of source control.
ch.qos.logback:logback-classic:1.3.14=spotless996156776
ch.qos.logback:logback-core:1.3.14=spotless996156776
com.github.ben-manes.caffeine:caffeine:3.0.5=annotationProcessor,testAnnotationProcessor
com.github.kevinstern:software-and-algorithms:1.0=annotationProcessor,testAnnotationProcessor
com.github.spotbugs:spotbugs-annotations:4.8.6=spotbugs
com.github.spotbugs:spotbugs:4.8.6=spotbugs
com.github.stephenc.jcip:jcip-annotations:1.0-1=spotbugs
com.google.auto.service:auto-service-annotations:1.0.1=annotationProcessor,testAnnotationProcessor
com.google.auto.value:auto-value-annotations:1.9=annotationProcessor,testAnnotationProcessor
com.google.auto:auto-common:1.2.2=annotationProcessor,testAnnotationProcessor
com.google.code.findbugs:jsr305:3.0.2=annotationProcessor,checkstyle,compileClasspath,spotbugs,testAnnotationProcessor,testCompileClasspath
com.google.code.gson:gson:2.11.0=spotbugs
com.google.errorprone:error_prone_annotation:2.36.0=annotationProcessor,testAnnotationProcessor
com.google.errorprone:error_prone_annotations:2.27.0=spotbugs
com.google.errorprone:error_prone_annotations:2.28.0=testCompileClasspath
com.google.errorprone:error_prone_annotations:2.36.0=annotationProcessor,compileClasspath,testAnnotationProcessor
com.google.errorprone:error_prone_annotations:2.7.1=checkstyle
com.google.errorprone:error_prone_check_api:2.36.0=annotationProcessor,testAnnotationProcessor
com.google.errorprone:error_prone_core:2.36.0=annotationProcessor,testAnnotationProcessor
com.google.errorprone:error_prone_type_annotations:2.36.0=annotationProcessor,testAnnotationProcessor
com.google.errorprone:javac:9+181-r4173-1=errorproneJavac
com.google.googlejavaformat:google-java-format:1.19.1=annotationProcessor,testAnnotationProcessor
com.google.guava:failureaccess:1.0.1=annotationProcessor,checkstyle,testAnnotationProcessor
com.google.guava:failureaccess:1.0.2=compileClasspath,runtimeClasspath,testCompileClasspath,testRuntimeClasspath
com.google.guava:guava:31.0.1-jre=checkstyle
com.google.guava:guava:32.1.3-jre=annotationProcessor,testAnnotationProcessor
com.google.guava:guava:33.3.1-jre=compileClasspath,runtimeClasspath,testCompileClasspath,testRuntimeClasspath
com.google.guava:listenablefuture:9999.0-empty-to-avoid-conflict-with-guava=annotationProcessor,checkstyle,compileClasspath,runtimeClasspath,testAnnotationProcessor,testCompileClasspath,testRuntimeClasspath
com.google.j2objc:j2objc-annotations:1.3=checkstyle
com.google.j2objc:j2objc-annotations:3.0.0=compileClasspath,runtimeClasspath,testCompileClasspath,testRuntimeClasspath
com.google.protobuf:protobuf-java:3.25.5=annotationProcessor,testAnnotationProcessor
com.pinterest.ktlint:ktlint-cli-reporter-baseline:1.1.1=spotless996156776
com.pinterest.ktlint:ktlint-cli-reporter-checkstyle:1.1.1=spotless996156776
com.pinterest.ktlint:ktlint-cli-reporter-core:1.1.1=spotless996156776
com.pinterest.ktlint:ktlint-cli-reporter-format:1.1.1=spotless996156776
com.pinterest.ktlint:ktlint-cli-reporter-html:1.1.1=spotless996156776
com.pinterest.ktlint:ktlint-cli-reporter-json:1.1.1=spotless996156776
com.pinterest.ktlint:ktlint-cli-reporter-plain-summary:1.1.1=spotless996156776
com.pinterest.ktlint:ktlint-cli-reporter-plain:1.1.1=spotless996156776
com.pinterest.ktlint:ktlint-cli-reporter-sarif:1.1.1=spotless996156776
com.pinterest.ktlint:ktlint-cli-ruleset-core:1.1.1=spotless996156776
com.pinterest.ktlint:ktlint-cli:1.1.1=spotless996156776
com.pinterest.ktlint:ktlint-logger:1.1.1=spotless996156776
com.pinterest.ktlint:ktlint-rule-engine-core:1.1.1=spotless996156776
com.pinterest.ktlint:ktlint-rule-engine:1.1.1=spotless996156776
com.pinterest.ktlint:ktlint-ruleset-standard:1.1.1=spotless996156776
com.puppycrawl.tools:checkstyle:9.3=checkstyle
com.uber.nullaway:nullaway:0.12.1=annotationProcessor,testAnnotationProcessor
com.xenoterracide:tools:0.1.0-beta.1=compileClasspath,runtimeClasspath,testCompileClasspath,testRuntimeClasspath
commons-beanutils:commons-beanutils:1.9.4=checkstyle
commons-collections:commons-collections:3.2.2=checkstyle
dev.drewhamilton.poko:poko-annotations-jvm:0.15.2=spotless996156776
dev.drewhamilton.poko:poko-annotations:0.15.2=spotless996156776
info.picocli:picocli:4.6.2=checkstyle
info.picocli:picocli:4.7.5=spotless996156776
io.github.detekt.sarif4k:sarif4k-jvm:0.5.0=spotless996156776
io.github.detekt.sarif4k:sarif4k:0.5.0=spotless996156776
io.github.eisop:dataflow-errorprone:3.41.0-eisop1=annotationProcessor,testAnnotationProcessor
io.github.java-diff-utils:java-diff-utils:4.12=annotationProcessor,testAnnotationProcessor
io.github.oshai:kotlin-logging-jvm:5.1.4=spotless996156776
io.vavr:vavr-match:0.10.5=compileClasspath,runtimeClasspath,shadow,testCompileClasspath,testRuntimeClasspath
io.vavr:vavr:0.10.5=compileClasspath,runtimeClasspath,shadow,testCompileClasspath,testRuntimeClasspath
javax.inject:javax.inject:1=annotationProcessor,testAnnotationProcessor
jaxen:jaxen:2.0.0=spotbugs
net.bytebuddy:byte-buddy:1.14.18=testCompileClasspath,testRuntimeClasspath
net.sf.saxon:Saxon-HE:10.6=checkstyle
net.sf.saxon:Saxon-HE:12.4=spotbugs
org.antlr:antlr4-runtime:4.9.3=checkstyle
org.apache.bcel:bcel:6.9.0=spotbugs
org.apache.commons:commons-lang3:3.14.0=spotbugs
org.apache.commons:commons-text:1.10.0=spotbugs
org.apache.httpcomponents.client5:httpclient5:5.1.3=spotbugs
org.apache.httpcomponents.core5:httpcore5-h2:5.1.3=spotbugs
org.apache.httpcomponents.core5:httpcore5:5.1.3=spotbugs
org.apache.logging.log4j:log4j-api:2.23.1=spotbugs
org.apache.logging.log4j:log4j-core:2.23.1=spotbugs
org.apache.maven:maven-artifact:3.9.9=testCompileClasspath,testRuntimeClasspath
org.apiguardian:apiguardian-api:1.1.2=testCompileClasspath
org.assertj:assertj-core:3.26.3=testCompileClasspath,testRuntimeClasspath
org.checkerframework:checker-qual:3.12.0=checkstyle
org.checkerframework:checker-qual:3.43.0=compileClasspath,testCompileClasspath
org.checkerframework:checker-qual:3.48.0=annotationProcessor,testAnnotationProcessor
org.checkerframework:dataflow-nullaway:3.48.0=annotationProcessor,testAnnotationProcessor
org.codehaus.plexus:plexus-utils:3.5.1=testCompileClasspath,testRuntimeClasspath
org.dom4j:dom4j:2.1.4=spotbugs
org.ec4j.core:ec4j-core:0.3.0=spotless996156776
org.eclipse.jgit:org.eclipse.jgit:7.0.0.202409031743-r=compileClasspath,runtimeClasspath,testCompileClasspath,testRuntimeClasspath
org.jacoco:org.jacoco.agent:0.8.12=jacocoAgent,jacocoAnt
org.jacoco:org.jacoco.ant:0.8.12=jacocoAnt
org.jacoco:org.jacoco.core:0.8.12=jacocoAnt
org.jacoco:org.jacoco.report:0.8.12=jacocoAnt
org.javassist:javassist:3.28.0-GA=checkstyle
org.jetbrains.intellij.deps:trove4j:1.0.20200330=spotless996156776
org.jetbrains.kotlin:kotlin-compiler-embeddable:1.9.22=spotless996156776
org.jetbrains.kotlin:kotlin-daemon-embeddable:1.9.22=spotless996156776
org.jetbrains.kotlin:kotlin-reflect:1.6.10=spotless996156776
org.jetbrains.kotlin:kotlin-script-runtime:1.9.22=spotless996156776
org.jetbrains.kotlin:kotlin-stdlib-common:1.9.22=spotless996156776
org.jetbrains.kotlin:kotlin-stdlib-jdk7:1.8.22=spotless996156776
org.jetbrains.kotlin:kotlin-stdlib-jdk8:1.8.22=spotless996156776
org.jetbrains.kotlin:kotlin-stdlib:1.9.22=spotless996156776
org.jetbrains.kotlinx:kotlinx-serialization-core-jvm:1.4.1=spotless996156776
org.jetbrains.kotlinx:kotlinx-serialization-core:1.4.1=spotless996156776
org.jetbrains.kotlinx:kotlinx-serialization-json-jvm:1.4.1=spotless996156776
org.jetbrains.kotlinx:kotlinx-serialization-json:1.4.1=spotless996156776
org.jetbrains:annotations:13.0=spotless996156776
org.jspecify:jspecify:1.0.0=annotationProcessor,compileClasspath,testAnnotationProcessor,testCompileClasspath
org.junit.jupiter:junit-jupiter-api:5.11.3=testCompileClasspath,testRuntimeClasspath
org.junit.jupiter:junit-jupiter-engine:5.11.3=testRuntimeClasspath
org.junit.jupiter:junit-jupiter-params:5.11.3=testCompileClasspath,testRuntimeClasspath
org.junit.platform:junit-platform-commons:1.11.3=testCompileClasspath,testRuntimeClasspath
org.junit.platform:junit-platform-engine:1.11.3=testRuntimeClasspath
org.junit.platform:junit-platform-launcher:1.11.3=testRuntimeClasspath
org.junit:junit-bom:5.11.3=testCompileClasspath,testRuntimeClasspath
org.opentest4j:opentest4j:1.3.0=testCompileClasspath,testRuntimeClasspath
org.ow2.asm:asm-analysis:9.7=spotbugs
org.ow2.asm:asm-commons:9.7=jacocoAnt,spotbugs
org.ow2.asm:asm-tree:9.7=jacocoAnt,spotbugs
org.ow2.asm:asm-util:9.7=spotbugs
org.ow2.asm:asm:9.7=jacocoAnt,spotbugs
org.pcollections:pcollections:4.0.1=annotationProcessor,testAnnotationProcessor
org.reflections:reflections:0.10.2=checkstyle
org.semver4j:semver4j:5.4.1=compileClasspath,runtimeClasspath,shadow,testCompileClasspath,testRuntimeClasspath
org.slf4j:slf4j-api:1.7.36=compileClasspath,runtimeClasspath,testCompileClasspath,testRuntimeClasspath
org.slf4j:slf4j-api:2.0.0=spotbugsSlf4j
org.slf4j:slf4j-api:2.0.13=spotbugs
org.slf4j:slf4j-api:2.0.7=spotless996156776
org.slf4j:slf4j-simple:2.0.0=spotbugsSlf4j
org.xmlresolver:xmlresolver:5.2.2=spotbugs
empty=spotbugsPlugins
