# This is a Gradle generated file for dependency locking.
# Manual edits can break the build and are not advised.
# This file is expected to be part of source control.
com.github.ben-manes.caffeine:caffeine:3.0.5=annotationProcessor,testAnnotationProcessor,testIntegrationAnnotationProcessor
com.github.kevinstern:software-and-algorithms:1.0=annotationProcessor,testAnnotationProcessor,testIntegrationAnnotationProcessor
com.github.spotbugs:spotbugs-annotations:4.9.3=spotbugs
com.github.spotbugs:spotbugs:4.9.3=spotbugs
com.github.stephenc.jcip:jcip-annotations:1.0-1=spotbugs
com.google.auto.service:auto-service-annotations:1.0.1=annotationProcessor,testAnnotationProcessor,testIntegrationAnnotationProcessor
com.google.auto.value:auto-value-annotations:1.9=annotationProcessor,testAnnotationProcessor,testIntegrationAnnotationProcessor
com.google.auto:auto-common:1.2.2=annotationProcessor,testAnnotationProcessor,testIntegrationAnnotationProcessor
com.google.code.findbugs:jsr305:3.0.2=annotationProcessor,checkstyle,spotbugs,testAnnotationProcessor,testIntegrationAnnotationProcessor
com.google.code.gson:gson:2.12.1=spotbugs
com.google.errorprone:error_prone_annotation:2.40.0=annotationProcessor,testAnnotationProcessor,testIntegrationAnnotationProcessor
com.google.errorprone:error_prone_annotations:2.36.0=spotbugs,testIntegrationRuntimeClasspath
com.google.errorprone:error_prone_annotations:2.40.0=annotationProcessor,compileClasspath,testAnnotationProcessor,testIntegrationAnnotationProcessor
com.google.errorprone:error_prone_annotations:2.7.1=checkstyle
com.google.errorprone:error_prone_check_api:2.40.0=annotationProcessor,testAnnotationProcessor,testIntegrationAnnotationProcessor
com.google.errorprone:error_prone_core:2.40.0=annotationProcessor,testAnnotationProcessor,testIntegrationAnnotationProcessor
com.google.errorprone:javac:9+181-r4173-1=errorproneJavac
com.google.googlejavaformat:google-java-format:1.27.0=annotationProcessor,testAnnotationProcessor,testIntegrationAnnotationProcessor
com.google.guava:failureaccess:1.0.1=checkstyle
com.google.guava:failureaccess:1.0.2=annotationProcessor,testAnnotationProcessor,testIntegrationAnnotationProcessor
com.google.guava:failureaccess:1.0.3=runtimeClasspath,testIntegrationRuntimeClasspath,testRuntimeClasspath
com.google.guava:guava:31.0.1-jre=checkstyle
com.google.guava:guava:33.4.0-jre=annotationProcessor,testAnnotationProcessor,testIntegrationAnnotationProcessor
com.google.guava:guava:33.4.8-jre=runtimeClasspath,testIntegrationRuntimeClasspath,testRuntimeClasspath
com.google.guava:listenablefuture:9999.0-empty-to-avoid-conflict-with-guava=annotationProcessor,checkstyle,runtimeClasspath,testAnnotationProcessor,testIntegrationAnnotationProcessor,testIntegrationRuntimeClasspath,testRuntimeClasspath
com.google.j2objc:j2objc-annotations:1.3=checkstyle
com.google.j2objc:j2objc-annotations:3.0.0=annotationProcessor,runtimeClasspath,testAnnotationProcessor,testIntegrationAnnotationProcessor,testIntegrationRuntimeClasspath,testRuntimeClasspath
com.google.protobuf:protobuf-java:3.25.5=annotationProcessor,testAnnotationProcessor,testIntegrationAnnotationProcessor
com.puppycrawl.tools:checkstyle:9.3=checkstyle
com.uber.nullaway:nullaway:0.12.7=annotationProcessor,testAnnotationProcessor,testIntegrationAnnotationProcessor
com.xenoterracide:tools:0.1.0-beta.1.38+git.38.5c1600a=runtimeClasspath,testIntegrationRuntimeClasspath,testRuntimeClasspath
commons-beanutils:commons-beanutils:1.9.4=checkstyle
commons-collections:commons-collections:3.2.2=checkstyle
info.picocli:picocli:4.6.2=checkstyle
io.github.eisop:dataflow-errorprone:3.41.0-eisop1=annotationProcessor,testAnnotationProcessor,testIntegrationAnnotationProcessor
io.github.java-diff-utils:java-diff-utils:4.12=annotationProcessor,testAnnotationProcessor,testIntegrationAnnotationProcessor
io.vavr:vavr-match:0.10.6=compileClasspath,runtimeClasspath,testCompileClasspath,testIntegrationCompileClasspath,testIntegrationRuntimeClasspath,testRuntimeClasspath
io.vavr:vavr:0.10.6=compileClasspath,runtimeClasspath,testCompileClasspath,testIntegrationCompileClasspath,testIntegrationRuntimeClasspath,testRuntimeClasspath
javax.inject:javax.inject:1=annotationProcessor,testAnnotationProcessor,testIntegrationAnnotationProcessor
jaxen:jaxen:2.0.0=spotbugs
net.bytebuddy:byte-buddy:1.15.11=testCompileClasspath,testIntegrationCompileClasspath,testIntegrationRuntimeClasspath,testRuntimeClasspath
net.sf.saxon:Saxon-HE:10.6=checkstyle
net.sf.saxon:Saxon-HE:12.5=spotbugs
org.antlr:antlr4-runtime:4.9.3=checkstyle
org.apache.bcel:bcel:6.10.0=spotbugs
org.apache.commons:commons-lang3:3.17.0=spotbugs
org.apache.commons:commons-lang3:3.18.0=compileClasspath,runtimeClasspath,testCompileClasspath,testIntegrationRuntimeClasspath,testRuntimeClasspath
org.apache.commons:commons-text:1.13.0=spotbugs
org.apache.httpcomponents.client5:httpclient5:5.1.3=spotbugs
org.apache.httpcomponents.core5:httpcore5-h2:5.1.3=spotbugs
org.apache.httpcomponents.core5:httpcore5:5.1.3=spotbugs
org.apache.logging.log4j:log4j-api:2.24.3=spotbugs
org.apache.logging.log4j:log4j-core:2.24.3=spotbugs
org.apache.maven:maven-artifact:3.9.11=testCompileClasspath,testRuntimeClasspath
org.apiguardian:apiguardian-api:1.1.2=testCompileClasspath,testIntegrationCompileClasspath
org.assertj:assertj-core:3.27.3=testCompileClasspath,testIntegrationCompileClasspath,testIntegrationRuntimeClasspath,testRuntimeClasspath
org.checkerframework:checker-qual:3.12.0=checkstyle
org.checkerframework:checker-qual:3.49.2=annotationProcessor,testAnnotationProcessor,testIntegrationAnnotationProcessor
org.checkerframework:dataflow-nullaway:3.49.2=annotationProcessor,testAnnotationProcessor,testIntegrationAnnotationProcessor
org.codehaus.plexus:plexus-utils:3.6.0=testCompileClasspath,testRuntimeClasspath
org.dom4j:dom4j:2.1.4=spotbugs
org.eclipse.jgit:org.eclipse.jgit:7.3.0.202506031305-r=compileClasspath,runtimeClasspath,testCompileClasspath,testIntegrationCompileClasspath,testIntegrationRuntimeClasspath,testRuntimeClasspath
org.jacoco:org.jacoco.agent:0.8.13=jacocoAgent,jacocoAnt
org.jacoco:org.jacoco.ant:0.8.13=jacocoAnt
org.jacoco:org.jacoco.core:0.8.13=jacocoAnt
org.jacoco:org.jacoco.report:0.8.13=jacocoAnt
org.javassist:javassist:3.28.0-GA=checkstyle
org.jspecify:jspecify:1.0.0=annotationProcessor,compileClasspath,runtimeClasspath,testAnnotationProcessor,testCompileClasspath,testIntegrationAnnotationProcessor,testIntegrationCompileClasspath,testIntegrationRuntimeClasspath,testRuntimeClasspath
org.junit.jupiter:junit-jupiter-api:5.13.3=testCompileClasspath,testIntegrationCompileClasspath,testIntegrationRuntimeClasspath,testRuntimeClasspath
org.junit.jupiter:junit-jupiter-engine:5.13.3=testIntegrationRuntimeClasspath,testRuntimeClasspath
org.junit.jupiter:junit-jupiter-params:5.13.3=testCompileClasspath,testIntegrationCompileClasspath,testIntegrationRuntimeClasspath,testRuntimeClasspath
org.junit.jupiter:junit-jupiter:5.13.3=testIntegrationCompileClasspath,testIntegrationRuntimeClasspath
org.junit.platform:junit-platform-commons:1.13.3=testCompileClasspath,testIntegrationCompileClasspath,testIntegrationRuntimeClasspath,testRuntimeClasspath
org.junit.platform:junit-platform-engine:1.13.3=testIntegrationRuntimeClasspath,testRuntimeClasspath
org.junit.platform:junit-platform-launcher:1.13.3=testIntegrationRuntimeClasspath,testRuntimeClasspath
org.junit:junit-bom:5.13.3=testCompileClasspath,testIntegrationCompileClasspath,testIntegrationRuntimeClasspath,testRuntimeClasspath
org.opentest4j:opentest4j:1.3.0=testCompileClasspath,testIntegrationCompileClasspath,testIntegrationRuntimeClasspath,testRuntimeClasspath
org.ow2.asm:asm-analysis:9.7.1=spotbugs
org.ow2.asm:asm-commons:9.7.1=spotbugs
org.ow2.asm:asm-commons:9.8=jacocoAnt
org.ow2.asm:asm-tree:9.7.1=spotbugs
org.ow2.asm:asm-tree:9.8=jacocoAnt
org.ow2.asm:asm-util:9.7.1=spotbugs
org.ow2.asm:asm:9.7.1=spotbugs
org.ow2.asm:asm:9.8=jacocoAnt
org.pcollections:pcollections:4.0.1=annotationProcessor,testAnnotationProcessor,testIntegrationAnnotationProcessor
org.reflections:reflections:0.10.2=checkstyle
org.semver4j:semver4j:5.8.0=compileClasspath,runtimeClasspath,testCompileClasspath,testIntegrationRuntimeClasspath,testRuntimeClasspath
org.slf4j:slf4j-api:1.7.36=compileClasspath,runtimeClasspath,testCompileClasspath,testIntegrationCompileClasspath,testIntegrationRuntimeClasspath,testRuntimeClasspath
org.slf4j:slf4j-api:2.0.17=spotbugs,spotbugsSlf4j
org.slf4j:slf4j-simple:2.0.17=spotbugsSlf4j
org.xmlresolver:xmlresolver:5.2.2=spotbugs
empty=spotbugsPlugins
