# This is a Gradle generated file for dependency locking.
# Manual edits can break the build and are not advised.
# This file is expected to be part of source control.
com.fasterxml.woodstox:woodstox-core:7.1.0=classpath
com.gradleup.shadow:com.gradleup.shadow.gradle.plugin:8.3.9=classpath
com.gradleup.shadow:shadow-gradle-plugin:8.3.9=classpath
commons-io:commons-io:2.19.0=classpath
org.apache.ant:ant-launcher:1.10.15=classpath
org.apache.ant:ant:1.10.15=classpath
org.apache.logging.log4j:log4j-api:2.24.1=classpath
org.apache.logging.log4j:log4j-core:2.24.1=classpath
org.apache.maven:maven-api-annotations:4.0.0-rc-3=classpath
org.apache.maven:maven-api-xml:4.0.0-rc-3=classpath
org.apache.maven:maven-xml:4.0.0-rc-3=classpath
org.codehaus.plexus:plexus-utils:4.0.2=classpath
org.codehaus.plexus:plexus-xml:4.1.0=classpath
org.codehaus.woodstox:stax2-api:4.2.2=classpath
org.jdom:jdom2:2.0.6.1=classpath
org.ow2.asm:asm-commons:9.8=classpath
org.ow2.asm:asm-tree:9.8=classpath
org.ow2.asm:asm:9.8=classpath
org.vafer:jdependency:2.13=classpath
empty=
