# This is a Gradle generated file for dependency locking.
# Manual edits can break the build and are not advised.
# This file is expected to be part of source control.
com.autonomousapps:antlr:4.13.2.0=buildScriptClasspath,runtimeClasspath
com.autonomousapps:asm-relocated:9.7.1.0=buildScriptClasspath,runtimeClasspath
com.autonomousapps:dependency-analysis-gradle-plugin:2.10.1=buildScriptClasspath,compileClasspath,runtimeClasspath
com.autonomousapps:graph-support:0.5=buildScriptClasspath,runtimeClasspath
com.autonomousapps:kotlin-editor-relocated:0.18.0=buildScriptClasspath,runtimeClasspath
com.github.ben-manes.caffeine:caffeine:3.1.8=buildScriptClasspath,runtimeClasspath
com.github.spotbugs.snom:spotbugs-gradle-plugin:6.1.5=buildScriptClasspath,runtimeClasspath
com.github.spotbugs:com.github.spotbugs.gradle.plugin:6.1.5=buildScriptClasspath,runtimeClasspath
com.google.code.findbugs:jsr305:3.0.2=buildScriptClasspath,runtimeClasspath
com.google.errorprone:error_prone_annotations:2.28.0=buildScriptClasspath,runtimeClasspath
com.google.guava:failureaccess:1.0.2=buildScriptClasspath,runtimeClasspath
com.google.guava:guava:33.3.1-jre=buildScriptClasspath,runtimeClasspath
com.google.guava:listenablefuture:9999.0-empty-to-avoid-conflict-with-guava=buildScriptClasspath,runtimeClasspath
com.google.j2objc:j2objc-annotations:3.0.0=buildScriptClasspath,runtimeClasspath
com.gradle.publish:plugin-publish-plugin:1.3.1=buildScriptClasspath,compileClasspath,runtimeClasspath
com.squareup.moshi:moshi-adapters:1.15.0=buildScriptClasspath,compileClasspath,runtimeClasspath
com.squareup.moshi:moshi-kotlin:1.15.1=buildScriptClasspath,runtimeClasspath
com.squareup.moshi:moshi:1.15.1=buildScriptClasspath,compileClasspath,runtimeClasspath
com.squareup.okio:okio-bom:3.9.0=buildScriptClasspath,runtimeClasspath
com.squareup.okio:okio-jvm:3.7.0=compileClasspath
com.squareup.okio:okio-jvm:3.9.0=buildScriptClasspath,runtimeClasspath
com.squareup.okio:okio:3.7.0=compileClasspath
com.squareup.okio:okio:3.9.0=buildScriptClasspath,runtimeClasspath
com.squareup:kotlinpoet-jvm:1.15.1=buildScriptClasspath,runtimeClasspath
com.squareup:kotlinpoet:1.15.1=buildScriptClasspath,runtimeClasspath
com.xenoterracide.gradle.convention:checkstyle:0.2.2=buildScriptClasspath,runtimeClasspath
com.xenoterracide.gradle.convention:coverage:0.2.2=buildScriptClasspath,runtimeClasspath
com.xenoterracide.gradle.convention:publish:0.2.2=buildScriptClasspath,compileClasspath,runtimeClasspath
com.xenoterracide.gradle.convention:spotbugs:0.2.2=buildScriptClasspath,runtimeClasspath
dev.zacsweers.moshix:moshi-sealed-reflect:0.25.1=buildScriptClasspath,runtimeClasspath
dev.zacsweers.moshix:moshi-sealed-runtime:0.25.1=buildScriptClasspath,compileClasspath,runtimeClasspath
javax.inject:javax.inject:1=buildScriptClasspath,compileClasspath,runtimeClasspath
net.ltgt.gradle:gradle-errorprone-plugin:4.1.0=buildScriptClasspath,compileClasspath,runtimeClasspath
org.apache.maven:maven-model:3.6.3=buildScriptClasspath,compileClasspath,runtimeClasspath
org.checkerframework:checker-qual:3.43.0=buildScriptClasspath,runtimeClasspath
org.jetbrains.intellij.deps:trove4j:1.0.20200330=kotlinBuildToolsApiClasspath,kotlinCompilerClasspath
org.jetbrains.kotlin:kotlin-assignment-compiler-plugin-embeddable:2.0.21=kotlinCompilerPluginClasspathMain
org.jetbrains.kotlin:kotlin-bom:2.0.21=buildScriptClasspath,runtimeClasspath
org.jetbrains.kotlin:kotlin-build-common:2.0.21=kotlinBuildToolsApiClasspath
org.jetbrains.kotlin:kotlin-build-tools-api:2.0.21=kotlinBuildToolsApiClasspath
org.jetbrains.kotlin:kotlin-build-tools-impl:2.0.21=kotlinBuildToolsApiClasspath
org.jetbrains.kotlin:kotlin-compiler-embeddable:2.0.21=kotlinBuildToolsApiClasspath,kotlinCompilerClasspath
org.jetbrains.kotlin:kotlin-compiler-runner:2.0.21=kotlinBuildToolsApiClasspath
org.jetbrains.kotlin:kotlin-daemon-client:2.0.21=kotlinBuildToolsApiClasspath
org.jetbrains.kotlin:kotlin-daemon-embeddable:2.0.21=kotlinBuildToolsApiClasspath,kotlinCompilerClasspath
org.jetbrains.kotlin:kotlin-metadata-jvm:2.0.21=buildScriptClasspath,runtimeClasspath
org.jetbrains.kotlin:kotlin-reflect:1.6.10=kotlinBuildToolsApiClasspath,kotlinCompilerClasspath
org.jetbrains.kotlin:kotlin-reflect:2.0.21=buildScriptClasspath,compileClasspath,runtimeClasspath
org.jetbrains.kotlin:kotlin-sam-with-receiver-compiler-plugin-embeddable:2.0.21=kotlinCompilerPluginClasspathMain
org.jetbrains.kotlin:kotlin-script-runtime:2.0.21=kotlinBuildToolsApiClasspath,kotlinCompilerClasspath,kotlinCompilerPluginClasspathMain
org.jetbrains.kotlin:kotlin-scripting-common:2.0.21=kotlinBuildToolsApiClasspath,kotlinCompilerPluginClasspathMain
org.jetbrains.kotlin:kotlin-scripting-compiler-embeddable:2.0.21=kotlinBuildToolsApiClasspath,kotlinCompilerPluginClasspathMain
org.jetbrains.kotlin:kotlin-scripting-compiler-impl-embeddable:2.0.21=kotlinBuildToolsApiClasspath,kotlinCompilerPluginClasspathMain
org.jetbrains.kotlin:kotlin-scripting-jvm:2.0.21=kotlinBuildToolsApiClasspath,kotlinCompilerPluginClasspathMain
org.jetbrains.kotlin:kotlin-stdlib-jdk7:1.8.21=compileClasspath
org.jetbrains.kotlin:kotlin-stdlib-jdk7:2.0.21=buildScriptClasspath,runtimeClasspath
org.jetbrains.kotlin:kotlin-stdlib-jdk8:1.8.21=compileClasspath
org.jetbrains.kotlin:kotlin-stdlib-jdk8:2.0.21=buildScriptClasspath,runtimeClasspath
org.jetbrains.kotlin:kotlin-stdlib:2.0.21=buildScriptClasspath,compileClasspath,kotlinBuildToolsApiClasspath,kotlinCompilerClasspath,kotlinCompilerPluginClasspathMain,runtimeClasspath
org.jetbrains.kotlinx:kotlinx-coroutines-core-jvm:1.6.4=kotlinBuildToolsApiClasspath,kotlinCompilerClasspath
org.jetbrains:annotations:13.0=buildScriptClasspath,compileClasspath,kotlinBuildToolsApiClasspath,kotlinCompilerClasspath,kotlinCompilerPluginClasspathMain,runtimeClasspath
empty=kotlinScriptDefExtensions
