# This is a Gradle generated file for dependency locking.
# Manual edits can break the build and are not advised.
# This file is expected to be part of source control.
com.autonomousapps:antlr:4.13.2.0=buildScriptClasspath,precompiledScriptPluginAccessorsGenerationClasspath
com.autonomousapps:asm-relocated:9.9.0=buildScriptClasspath,precompiledScriptPluginAccessorsGenerationClasspath
com.autonomousapps:dependency-analysis-gradle-plugin:3.5.1=buildScriptClasspath,compileClasspath,precompiledScriptPluginAccessorsGenerationClasspath
com.autonomousapps:graph-support:0.9.0=buildScriptClasspath,precompiledScriptPluginAccessorsGenerationClasspath
com.autonomousapps:kotlin-editor-relocated:0.18.0=buildScriptClasspath,precompiledScriptPluginAccessorsGenerationClasspath
com.autonomousapps:variant-artifacts:0.3.3=buildScriptClasspath,precompiledScriptPluginAccessorsGenerationClasspath
com.github.ben-manes.caffeine:caffeine:3.2.3=buildScriptClasspath,precompiledScriptPluginAccessorsGenerationClasspath
com.github.spotbugs.snom:spotbugs-gradle-plugin:6.4.8=buildScriptClasspath,precompiledScriptPluginAccessorsGenerationClasspath
com.google.errorprone:error_prone_annotations:2.43.0=buildScriptClasspath,precompiledScriptPluginAccessorsGenerationClasspath
com.google.guava:failureaccess:1.0.3=buildScriptClasspath,precompiledScriptPluginAccessorsGenerationClasspath
com.google.guava:guava:33.5.0-jre=buildScriptClasspath,precompiledScriptPluginAccessorsGenerationClasspath
com.google.guava:listenablefuture:9999.0-empty-to-avoid-conflict-with-guava=buildScriptClasspath,precompiledScriptPluginAccessorsGenerationClasspath
com.google.j2objc:j2objc-annotations:3.1=buildScriptClasspath,precompiledScriptPluginAccessorsGenerationClasspath
com.gradle.publish:plugin-publish-plugin:1.3.1=buildScriptClasspath,compileClasspath,precompiledScriptPluginAccessorsGenerationClasspath
com.squareup.moshi:moshi-adapters:1.15.2=buildScriptClasspath,compileClasspath,precompiledScriptPluginAccessorsGenerationClasspath
com.squareup.moshi:moshi-kotlin:1.15.2=buildScriptClasspath,precompiledScriptPluginAccessorsGenerationClasspath
com.squareup.moshi:moshi:1.15.2=buildScriptClasspath,compileClasspath,precompiledScriptPluginAccessorsGenerationClasspath
com.squareup.okio:okio-bom:3.16.4=buildScriptClasspath,precompiledScriptPluginAccessorsGenerationClasspath
com.squareup.okio:okio-jvm:3.16.4=buildScriptClasspath,precompiledScriptPluginAccessorsGenerationClasspath
com.squareup.okio:okio-jvm:3.7.0=compileClasspath
com.squareup.okio:okio:3.16.4=buildScriptClasspath,precompiledScriptPluginAccessorsGenerationClasspath
com.squareup.okio:okio:3.7.0=compileClasspath
com.squareup:kotlinpoet-jvm:2.1.0=buildScriptClasspath,precompiledScriptPluginAccessorsGenerationClasspath
com.squareup:kotlinpoet:2.1.0=buildScriptClasspath,precompiledScriptPluginAccessorsGenerationClasspath
com.xenoterracide.gradle.convention:checkstyle:0.5.0=buildScriptClasspath,precompiledScriptPluginAccessorsGenerationClasspath
com.xenoterracide.gradle.convention:coverage:0.5.0=buildScriptClasspath,precompiledScriptPluginAccessorsGenerationClasspath
com.xenoterracide.gradle.convention:publish:0.5.0=buildScriptClasspath,compileClasspath,precompiledScriptPluginAccessorsGenerationClasspath
com.xenoterracide.gradle.convention:spotbugs:0.5.0=buildScriptClasspath,precompiledScriptPluginAccessorsGenerationClasspath
dev.zacsweers.moshix:moshi-sealed-reflect:0.30.0=buildScriptClasspath,precompiledScriptPluginAccessorsGenerationClasspath
dev.zacsweers.moshix:moshi-sealed-runtime:0.30.0=buildScriptClasspath,compileClasspath,precompiledScriptPluginAccessorsGenerationClasspath
javax.inject:javax.inject:1=buildScriptClasspath,compileClasspath,precompiledScriptPluginAccessorsGenerationClasspath
net.ltgt.gradle:gradle-errorprone-plugin:4.3.0=buildScriptClasspath,compileClasspath,precompiledScriptPluginAccessorsGenerationClasspath
org.apache.maven:maven-model:3.6.3=buildScriptClasspath,compileClasspath,precompiledScriptPluginAccessorsGenerationClasspath
org.jetbrains.kotlin:kotlin-assignment-compiler-plugin-embeddable:2.2.20=kotlinCompilerPluginClasspathMain
org.jetbrains.kotlin:kotlin-bom:2.0.21=buildScriptClasspath,precompiledScriptPluginAccessorsGenerationClasspath
org.jetbrains.kotlin:kotlin-build-tools-api:2.2.20=kotlinBuildToolsApiClasspath
org.jetbrains.kotlin:kotlin-build-tools-impl:2.2.20=kotlinBuildToolsApiClasspath
org.jetbrains.kotlin:kotlin-compiler-embeddable:2.2.20=kotlinBuildToolsApiClasspath,kotlinCompilerClasspath
org.jetbrains.kotlin:kotlin-compiler-runner:2.2.20=kotlinBuildToolsApiClasspath
org.jetbrains.kotlin:kotlin-daemon-client:2.2.20=kotlinBuildToolsApiClasspath
org.jetbrains.kotlin:kotlin-daemon-embeddable:2.2.20=kotlinBuildToolsApiClasspath,kotlinCompilerClasspath
org.jetbrains.kotlin:kotlin-metadata-jvm:2.2.20=buildScriptClasspath,precompiledScriptPluginAccessorsGenerationClasspath
org.jetbrains.kotlin:kotlin-reflect:1.6.10=kotlinBuildToolsApiClasspath,kotlinCompilerClasspath
org.jetbrains.kotlin:kotlin-reflect:2.1.20=buildScriptClasspath
org.jetbrains.kotlin:kotlin-reflect:2.2.20=compileClasspath,precompiledScriptPluginAccessorsGenerationClasspath
org.jetbrains.kotlin:kotlin-sam-with-receiver-compiler-plugin-embeddable:2.2.20=kotlinCompilerPluginClasspathMain
org.jetbrains.kotlin:kotlin-script-runtime:2.2.20=compilePluginsBlocksPluginClasspathElements,kotlinBuildToolsApiClasspath,kotlinCompilerClasspath,kotlinCompilerPluginClasspathMain
org.jetbrains.kotlin:kotlin-scripting-common:2.2.20=compilePluginsBlocksPluginClasspathElements,kotlinBuildToolsApiClasspath,kotlinCompilerPluginClasspathMain
org.jetbrains.kotlin:kotlin-scripting-compiler-embeddable:2.2.20=compilePluginsBlocksPluginClasspathElements,kotlinBuildToolsApiClasspath,kotlinCompilerPluginClasspathMain
org.jetbrains.kotlin:kotlin-scripting-compiler-impl-embeddable:2.2.20=compilePluginsBlocksPluginClasspathElements,kotlinBuildToolsApiClasspath,kotlinCompilerPluginClasspathMain
org.jetbrains.kotlin:kotlin-scripting-jvm:2.2.20=compilePluginsBlocksPluginClasspathElements,kotlinBuildToolsApiClasspath,kotlinCompilerPluginClasspathMain
org.jetbrains.kotlin:kotlin-stdlib-jdk7:1.8.21=compileClasspath
org.jetbrains.kotlin:kotlin-stdlib-jdk7:2.0.21=buildScriptClasspath,precompiledScriptPluginAccessorsGenerationClasspath
org.jetbrains.kotlin:kotlin-stdlib-jdk8:1.8.21=compileClasspath
org.jetbrains.kotlin:kotlin-stdlib-jdk8:2.0.21=buildScriptClasspath,precompiledScriptPluginAccessorsGenerationClasspath
org.jetbrains.kotlin:kotlin-stdlib:2.2.20=buildScriptClasspath,compileClasspath,compilePluginsBlocksPluginClasspathElements,kotlinBuildToolsApiClasspath,kotlinCompilerClasspath,kotlinCompilerPluginClasspathMain,precompiledScriptPluginAccessorsGenerationClasspath
org.jetbrains.kotlinx:kotlinx-coroutines-core-jvm:1.8.0=kotlinBuildToolsApiClasspath,kotlinCompilerClasspath
org.jetbrains:annotations:13.0=buildScriptClasspath,compileClasspath,compilePluginsBlocksPluginClasspathElements,kotlinBuildToolsApiClasspath,kotlinCompilerClasspath,kotlinCompilerPluginClasspathMain,precompiledScriptPluginAccessorsGenerationClasspath
org.jspecify:jspecify:1.0.0=buildScriptClasspath,precompiledScriptPluginAccessorsGenerationClasspath
empty=kotlinScriptDefExtensions
